
Microsoft Visual Studio Solution File, Format Version 12.00
# Visual Studio Version 16
VisualStudioVersion = 16.0.31313.381
MinimumVisualStudioVersion = 10.0.40219.1
Project("{FAE04EC0-301F-11D3-BF4B-00C04F79EFBC}") = "CommunTools", "CommunTools.csproj", "{B907527A-675C-400B-AD88-129581690C0B}"
EndProject
Global
	GlobalSection(SolutionConfigurationPlatforms) = preSolution
		Debug|Any CPU = Debug|Any CPU
		Release|Any CPU = Release|Any CPU
	EndGlobalSection
	GlobalSection(ProjectConfigurationPlatforms) = postSolution
		{B907527A-675C-400B-AD88-129581690C0B}.Debug|Any CPU.ActiveCfg = Debug|Any CPU
		{B907527A-675C-400B-AD88-129581690C0B}.Debug|Any CPU.Build.0 = Debug|Any CPU
		{B907527A-675C-400B-AD88-129581690C0B}.Release|Any CPU.ActiveCfg = Release|Any CPU
		{B907527A-675C-400B-AD88-129581690C0B}.Release|Any CPU.Build.0 = Release|Any CPU
	EndGlobalSection
	GlobalSection(SolutionProperties) = preSolution
		HideSolutionNode = FALSE
	EndGlobalSection
	GlobalSection(ExtensibilityGlobals) = postSolution
		SolutionGuid = {E1E96EFA-CEEB-489E-AB3F-11EB02EFA1CF}
	EndGlobalSection
EndGlobal
