
Microsoft Visual Studio Solution File, Format Version 12.00
# Visual Studio Version 16
VisualStudioVersion = 16.0.31313.381
MinimumVisualStudioVersion = 10.0.40219.1
Project("{FAE04EC0-301F-11D3-BF4B-00C04F79EFBC}") = "CommunTools", "CommunTools\CommunTools.csproj", "{B907527A-675C-400B-AD88-129581690C0B}"
EndProject
Project("{FAE04EC0-301F-11D3-BF4B-00C04F79EFBC}") = "ZCS_Common", "ZCS_Common\ZCS_Common.csproj", "{C0F44B62-2DC6-4C2D-8713-A38ACB20B7D9}"
EndProject
Project("{FAE04EC0-301F-11D3-BF4B-00C04F79EFBC}") = "ZCS_FormUI", "ZCS_FormUI\ZCS_FormUI.csproj", "{99387794-5DCA-4F92-8E55-F6C415B2CF0B}"
EndProject
Global
	GlobalSection(SolutionConfigurationPlatforms) = preSolution
		Debug|Any CPU = Debug|Any CPU
		Release|Any CPU = Release|Any CPU
	EndGlobalSection
	GlobalSection(ProjectConfigurationPlatforms) = postSolution
		{B907527A-675C-400B-AD88-129581690C0B}.Debug|Any CPU.ActiveCfg = Debug|Any CPU
		{B907527A-675C-400B-AD88-129581690C0B}.Debug|Any CPU.Build.0 = Debug|Any CPU
		{B907527A-675C-400B-AD88-129581690C0B}.Release|Any CPU.ActiveCfg = Release|Any CPU
		{B907527A-675C-400B-AD88-129581690C0B}.Release|Any CPU.Build.0 = Release|Any CPU
		{C0F44B62-2DC6-4C2D-8713-A38ACB20B7D9}.Debug|Any CPU.ActiveCfg = Debug|Any CPU
		{C0F44B62-2DC6-4C2D-8713-A38ACB20B7D9}.Debug|Any CPU.Build.0 = Debug|Any CPU
		{C0F44B62-2DC6-4C2D-8713-A38ACB20B7D9}.Release|Any CPU.ActiveCfg = Release|Any CPU
		{C0F44B62-2DC6-4C2D-8713-A38ACB20B7D9}.Release|Any CPU.Build.0 = Release|Any CPU
		{99387794-5DCA-4F92-8E55-F6C415B2CF0B}.Debug|Any CPU.ActiveCfg = Debug|Any CPU
		{99387794-5DCA-4F92-8E55-F6C415B2CF0B}.Debug|Any CPU.Build.0 = Debug|Any CPU
		{99387794-5DCA-4F92-8E55-F6C415B2CF0B}.Release|Any CPU.ActiveCfg = Release|Any CPU
		{99387794-5DCA-4F92-8E55-F6C415B2CF0B}.Release|Any CPU.Build.0 = Release|Any CPU
	EndGlobalSection
	GlobalSection(SolutionProperties) = preSolution
		HideSolutionNode = FALSE
	EndGlobalSection
	GlobalSection(ExtensibilityGlobals) = postSolution
		SolutionGuid = {E1E96EFA-CEEB-489E-AB3F-11EB02EFA1CF}
	EndGlobalSection
EndGlobal
